// !$*UTF8*$!
{
	archiveVersion = 1;
	classes = {
	};
	objectVersion = 56;
	objects = {

/* Begin PBXBuildFile section */
		B13BB6EA290BEBAA00E63F8A /* AppDelegate.swift in Sources */ = {isa = PBXBuildFile; fileRef = B13BB6E9290BEBAA00E63F8A /* AppDelegate.swift */; };
		B13BB6EC290BEBAA00E63F8A /* SceneDelegate.swift in Sources */ = {isa = PBXBuildFile; fileRef = B13BB6EB290BEBAA00E63F8A /* SceneDelegate.swift */; };
		B13BB6F1290BEBAA00E63F8A /* Main.storyboard in Resources */ = {isa = PBXBuildFile; fileRef = B13BB6EF290BEBAA00E63F8A /* Main.storyboard */; };
		B13BB6F3290BEBAB00E63F8A /* Assets.xcassets in Resources */ = {isa = PBXBuildFile; fileRef = B13BB6F2290BEBAB00E63F8A /* Assets.xcassets */; };
		B13BB6F6290BEBAB00E63F8A /* LaunchScreen.storyboard in Resources */ = {isa = PBXBuildFile; fileRef = B13BB6F4290BEBAB00E63F8A /* LaunchScreen.storyboard */; };
		B13BB706290C319A00E63F8A /* LoginViewController.swift in Sources */ = {isa = PBXBuildFile; fileRef = B13BB705290C319A00E63F8A /* LoginViewController.swift */; };
		B13BB708290C31B700E63F8A /* SignUpViewController.swift in Sources */ = {isa = PBXBuildFile; fileRef = B13BB707290C31B700E63F8A /* SignUpViewController.swift */; };
/* End PBXBuildFile section */

/* Begin PBXFileReference section */
		B13BB6E6290BEBAA00E63F8A /* Kelebike_iOS.app */ = {isa = PBXFileReference; explicitFileType = wrapper.application; includeInIndex = 0; path = Kelebike_iOS.app; sourceTree = BUILT_PRODUCTS_DIR; };
		B13BB6E9290BEBAA00E63F8A /* AppDelegate.swift */ = {isa = PBXFileReference; lastKnownFileType = sourcecode.swift; path = AppDelegate.swift; sourceTree = "<group>"; };
		B13BB6EB290BEBAA00E63F8A /* SceneDelegate.swift */ = {isa = PBXFileReference; lastKnownFileType = sourcecode.swift; path = SceneDelegate.swift; sourceTree = "<group>"; };
		B13BB6F0290BEBAA00E63F8A /* Base */ = {isa = PBXFileReference; lastKnownFileType = file.storyboard; name = Base; path = Base.lproj/Main.storyboard; sourceTree = "<group>"; };
		B13BB6F2290BEBAB00E63F8A /* Assets.xcassets */ = {isa = PBXFileReference; lastKnownFileType = folder.assetcatalog; path = Assets.xcassets; sourceTree = "<group>"; };
		B13BB6F5290BEBAB00E63F8A /* Base */ = {isa = PBXFileReference; lastKnownFileType = file.storyboard; name = Base; path = Base.lproj/LaunchScreen.storyboard; sourceTree = "<group>"; };
		B13BB6F7290BEBAB00E63F8A /* Info.plist */ = {isa = PBXFileReference; lastKnownFileType = text.plist.xml; path = Info.plist; sourceTree = "<group>"; };
		B13BB705290C319A00E63F8A /* LoginViewController.swift */ = {isa = PBXFileReference; lastKnownFileType = sourcecode.swift; path = LoginViewController.swift; sourceTree = "<group>"; };
		B13BB707290C31B700E63F8A /* SignUpViewController.swift */ = {isa = PBXFileReference; lastKnownFileType = sourcecode.swift; path = SignUpViewController.swift; sourceTree = "<group>"; };
/* End PBXFileReference section */

/* Begin PBXFrameworksBuildPhase section */
		B13BB6E3290BEBAA00E63F8A /* Frameworks */ = {
			isa = PBXFrameworksBuildPhase;
			buildActionMask = 2147483647;
			files = (
			);
			runOnlyForDeploymentPostprocessing = 0;
		};
/* End PBXFrameworksBuildPhase section */

/* Begin PBXGroup section */
		B13BB6DD290BEBAA00E63F8A = {
			isa = PBXGroup;
			children = (
				B13BB6E8290BEBAA00E63F8A /* Kelebike_iOS */,
				B13BB6E7290BEBAA00E63F8A /* Products */,
			);
			sourceTree = "<group>";
		};
		B13BB6E7290BEBAA00E63F8A /* Products */ = {
			isa = PBXGroup;
			children = (
				B13BB6E6290BEBAA00E63F8A /* Kelebike_iOS.app */,
			);
			name = Products;
			sourceTree = "<group>";
		};
		B13BB6E8290BEBAA00E63F8A /* Kelebike_iOS */ = {
			isa = PBXGroup;
			children = (
				B13BB700290BED7300E63F8A /* Product */,
				B13BB6FF290BED4C00E63F8A /* Feature */,
				B13BB6FE290BED4600E63F8A /* Resources */,
				B13BB6FD290BED2A00E63F8A /* Utils */,
				B13BB6E9290BEBAA00E63F8A /* AppDelegate.swift */,
				B13BB6EB290BEBAA00E63F8A /* SceneDelegate.swift */,
				B13BB6EF290BEBAA00E63F8A /* Main.storyboard */,
				B13BB6F2290BEBAB00E63F8A /* Assets.xcassets */,
				B13BB6F4290BEBAB00E63F8A /* LaunchScreen.storyboard */,
				B13BB6F7290BEBAB00E63F8A /* Info.plist */,
			);
			path = Kelebike_iOS;
			sourceTree = "<group>";
		};
		B13BB6FD290BED2A00E63F8A /* Utils */ = {
			isa = PBXGroup;
			children = (
			);
			path = Utils;
			sourceTree = "<group>";
		};
		B13BB6FE290BED4600E63F8A /* Resources */ = {
			isa = PBXGroup;
			children = (
			);
			path = Resources;
			sourceTree = "<group>";
		};
		B13BB6FF290BED4C00E63F8A /* Feature */ = {
			isa = PBXGroup;
			children = (
				B13BB701290BED8000E63F8A /* Authentication */,
			);
			path = Feature;
			sourceTree = "<group>";
		};
		B13BB700290BED7300E63F8A /* Product */ = {
			isa = PBXGroup;
			children = (
			);
			path = Product;
			sourceTree = "<group>";
		};
		B13BB701290BED8000E63F8A /* Authentication */ = {
			isa = PBXGroup;
			children = (
				B13BB702290BED9D00E63F8A /* Welcome */,
			);
			path = Authentication;
			sourceTree = "<group>";
		};
		B13BB702290BED9D00E63F8A /* Welcome */ = {
			isa = PBXGroup;
			children = (
				B13BB705290C319A00E63F8A /* LoginViewController.swift */,
				B13BB707290C31B700E63F8A /* SignUpViewController.swift */,
			);
			path = Welcome;
			sourceTree = "<group>";
		};
/* End PBXGroup section */

/* Begin PBXNativeTarget section */
		B13BB6E5290BEBAA00E63F8A /* Kelebike_iOS */ = {
			isa = PBXNativeTarget;
			buildConfigurationList = B13BB6FA290BEBAB00E63F8A /* Build configuration list for PBXNativeTarget "Kelebike_iOS" */;
			buildPhases = (
				B13BB6E2290BEBAA00E63F8A /* Sources */,
				B13BB6E3290BEBAA00E63F8A /* Frameworks */,
				B13BB6E4290BEBAA00E63F8A /* Resources */,
			);
			buildRules = (
			);
			dependencies = (
			);
			name = Kelebike_iOS;
			productName = Kelebike_iOS;
			productReference = B13BB6E6290BEBAA00E63F8A /* Kelebike_iOS.app */;
			productType = "com.apple.product-type.application";
		};
/* End PBXNativeTarget section */

/* Begin PBXProject section */
		B13BB6DE290BEBAA00E63F8A /* Project object */ = {
			isa = PBXProject;
			attributes = {
				BuildIndependentTargetsInParallel = 1;
				LastSwiftUpdateCheck = 1400;
				LastUpgradeCheck = 1400;
				TargetAttributes = {
					B13BB6E5290BEBAA00E63F8A = {
						CreatedOnToolsVersion = 14.0.1;
					};
				};
			};
			buildConfigurationList = B13BB6E1290BEBAA00E63F8A /* Build configuration list for PBXProject "Kelebike" */;
			compatibilityVersion = "Xcode 14.0";
			developmentRegion = en;
			hasScannedForEncodings = 0;
			knownRegions = (
				en,
				Base,
			);
			mainGroup = B13BB6DD290BEBAA00E63F8A;
			productRefGroup = B13BB6E7290BEBAA00E63F8A /* Products */;
			projectDirPath = "";
			projectRoot = "";
			targets = (
				B13BB6E5290BEBAA00E63F8A /* Kelebike_iOS */,
			);
		};
/* End PBXProject section */

/* Begin PBXResourcesBuildPhase section */
		B13BB6E4290BEBAA00E63F8A /* Resources */ = {
			isa = PBXResourcesBuildPhase;
			buildActionMask = 2147483647;
			files = (
				B13BB6F6290BEBAB00E63F8A /* LaunchScreen.storyboard in Resources */,
				B13BB6F3290BEBAB00E63F8A /* Assets.xcassets in Resources */,
				B13BB6F1290BEBAA00E63F8A /* Main.storyboard in Resources */,
			);
			runOnlyForDeploymentPostprocessing = 0;
		};
/* End PBXResourcesBuildPhase section */

/* Begin PBXSourcesBuildPhase section */
		B13BB6E2290BEBAA00E63F8A /* Sources */ = {
			isa = PBXSourcesBuildPhase;
			buildActionMask = 2147483647;
			files = (
				B13BB706290C319A00E63F8A /* LoginViewController.swift in Sources */,
				B13BB6EA290BEBAA00E63F8A /* AppDelegate.swift in Sources */,
				B13BB6EC290BEBAA00E63F8A /* SceneDelegate.swift in Sources */,
				B13BB708290C31B700E63F8A /* SignUpViewController.swift in Sources */,
			);
			runOnlyForDeploymentPostprocessing = 0;
		};
/* End PBXSourcesBuildPhase section */

/* Begin PBXVariantGroup section */
		B13BB6EF290BEBAA00E63F8A /* Main.storyboard */ = {
			isa = PBXVariantGroup;
			children = (
				B13BB6F0290BEBAA00E63F8A /* Base */,
			);
			name = Main.storyboard;
			sourceTree = "<group>";
		};
		B13BB6F4290BEBAB00E63F8A /* LaunchScreen.storyboard */ = {
			isa = PBXVariantGroup;
			children = (
				B13BB6F5290BEBAB00E63F8A /* Base */,
			);
			name = LaunchScreen.storyboard;
			sourceTree = "<group>";
		};
/* End PBXVariantGroup section */

/* Begin XCBuildConfiguration section */
		B13BB6F8290BEBAB00E63F8A /* Debug */ = {
			isa = XCBuildConfiguration;
			buildSettings = {
				ALWAYS_SEARCH_USER_PATHS = NO;
				CLANG_ANALYZER_NONNULL = YES;
				CLANG_ANALYZER_NUMBER_OBJECT_CONVERSION = YES_AGGRESSIVE;
				CLANG_CXX_LANGUAGE_STANDARD = "gnu++20";
				CLANG_ENABLE_MODULES = YES;
				CLANG_ENABLE_OBJC_ARC = YES;
				CLANG_ENABLE_OBJC_WEAK = YES;
				CLANG_WARN_BLOCK_CAPTURE_AUTORELEASING = YES;
				CLANG_WARN_BOOL_CONVERSION = YES;
				CLANG_WARN_COMMA = YES;
				CLANG_WARN_CONSTANT_CONVERSION = YES;
				CLANG_WARN_DEPRECATED_OBJC_IMPLEMENTATIONS = YES;
				CLANG_WARN_DIRECT_OBJC_ISA_USAGE = YES_ERROR;
				CLANG_WARN_DOCUMENTATION_COMMENTS = YES;
				CLANG_WARN_EMPTY_BODY = YES;
				CLANG_WARN_ENUM_CONVERSION = YES;
				CLANG_WARN_INFINITE_RECURSION = YES;
				CLANG_WARN_INT_CONVERSION = YES;
				CLANG_WARN_NON_LITERAL_NULL_CONVERSION = YES;
				CLANG_WARN_OBJC_IMPLICIT_RETAIN_SELF = YES;
				CLANG_WARN_OBJC_LITERAL_CONVERSION = YES;
				CLANG_WARN_OBJC_ROOT_CLASS = YES_ERROR;
				CLANG_WARN_QUOTED_INCLUDE_IN_FRAMEWORK_HEADER = YES;
				CLANG_WARN_RANGE_LOOP_ANALYSIS = YES;
				CLANG_WARN_STRICT_PROTOTYPES = YES;
				CLANG_WARN_SUSPICIOUS_MOVE = YES;
				CLANG_WARN_UNGUARDED_AVAILABILITY = YES_AGGRESSIVE;
				CLANG_WARN_UNREACHABLE_CODE = YES;
				CLANG_WARN__DUPLICATE_METHOD_MATCH = YES;
				COPY_PHASE_STRIP = NO;
				DEBUG_INFORMATION_FORMAT = dwarf;
				ENABLE_STRICT_OBJC_MSGSEND = YES;
				ENABLE_TESTABILITY = YES;
				GCC_C_LANGUAGE_STANDARD = gnu11;
				GCC_DYNAMIC_NO_PIC = NO;
				GCC_NO_COMMON_BLOCKS = YES;
				GCC_OPTIMIZATION_LEVEL = 0;
				GCC_PREPROCESSOR_DEFINITIONS = (
					"DEBUG=1",
					"$(inherited)",
				);
				GCC_WARN_64_TO_32_BIT_CONVERSION = YES;
				GCC_WARN_ABOUT_RETURN_TYPE = YES_ERROR;
				GCC_WARN_UNDECLARED_SELECTOR = YES;
				GCC_WARN_UNINITIALIZED_AUTOS = YES_AGGRESSIVE;
				GCC_WARN_UNUSED_FUNCTION = YES;
				GCC_WARN_UNUSED_VARIABLE = YES;
				IPHONEOS_DEPLOYMENT_TARGET = 16.0;
				MTL_ENABLE_DEBUG_INFO = INCLUDE_SOURCE;
				MTL_FAST_MATH = YES;
				ONLY_ACTIVE_ARCH = YES;
				SDKROOT = iphoneos;
				SWIFT_ACTIVE_COMPILATION_CONDITIONS = DEBUG;
				SWIFT_OPTIMIZATION_LEVEL = "-Onone";
			};
			name = Debug;
		};
		B13BB6F9290BEBAB00E63F8A /* Release */ = {
			isa = XCBuildConfiguration;
			buildSettings = {
				ALWAYS_SEARCH_USER_PATHS = NO;
				CLANG_ANALYZER_NONNULL = YES;
				CLANG_ANALYZER_NUMBER_OBJECT_CONVERSION = YES_AGGRESSIVE;
				CLANG_CXX_LANGUAGE_STANDARD = "gnu++20";
				CLANG_ENABLE_MODULES = YES;
				CLANG_ENABLE_OBJC_ARC = YES;
				CLANG_ENABLE_OBJC_WEAK = YES;
				CLANG_WARN_BLOCK_CAPTURE_AUTORELEASING = YES;
				CLANG_WARN_BOOL_CONVERSION = YES;
				CLANG_WARN_COMMA = YES;
				CLANG_WARN_CONSTANT_CONVERSION = YES;
				CLANG_WARN_DEPRECATED_OBJC_IMPLEMENTATIONS = YES;
				CLANG_WARN_DIRECT_OBJC_ISA_USAGE = YES_ERROR;
				CLANG_WARN_DOCUMENTATION_COMMENTS = YES;
				CLANG_WARN_EMPTY_BODY = YES;
				CLANG_WARN_ENUM_CONVERSION = YES;
				CLANG_WARN_INFINITE_RECURSION = YES;
				CLANG_WARN_INT_CONVERSION = YES;
				CLANG_WARN_NON_LITERAL_NULL_CONVERSION = YES;
				CLANG_WARN_OBJC_IMPLICIT_RETAIN_SELF = YES;
				CLANG_WARN_OBJC_LITERAL_CONVERSION = YES;
				CLANG_WARN_OBJC_ROOT_CLASS = YES_ERROR;
				CLANG_WARN_QUOTED_INCLUDE_IN_FRAMEWORK_HEADER = YES;
				CLANG_WARN_RANGE_LOOP_ANALYSIS = YES;
				CLANG_WARN_STRICT_PROTOTYPES = YES;
				CLANG_WARN_SUSPICIOUS_MOVE = YES;
				CLANG_WARN_UNGUARDED_AVAILABILITY = YES_AGGRESSIVE;
				CLANG_WARN_UNREACHABLE_CODE = YES;
				CLANG_WARN__DUPLICATE_METHOD_MATCH = YES;
				COPY_PHASE_STRIP = NO;
				DEBUG_INFORMATION_FORMAT = "dwarf-with-dsym";
				ENABLE_NS_ASSERTIONS = NO;
				ENABLE_STRICT_OBJC_MSGSEND = YES;
				GCC_C_LANGUAGE_STANDARD = gnu11;
				GCC_NO_COMMON_BLOCKS = YES;
				GCC_WARN_64_TO_32_BIT_CONVERSION = YES;
				GCC_WARN_ABOUT_RETURN_TYPE = YES_ERROR;
				GCC_WARN_UNDECLARED_SELECTOR = YES;
				GCC_WARN_UNINITIALIZED_AUTOS = YES_AGGRESSIVE;
				GCC_WARN_UNUSED_FUNCTION = YES;
				GCC_WARN_UNUSED_VARIABLE = YES;
				IPHONEOS_DEPLOYMENT_TARGET = 16.0;
				MTL_ENABLE_DEBUG_INFO = NO;
				MTL_FAST_MATH = YES;
				SDKROOT = iphoneos;
				SWIFT_COMPILATION_MODE = wholemodule;
				SWIFT_OPTIMIZATION_LEVEL = "-O";
				VALIDATE_PRODUCT = YES;
			};
			name = Release;
		};
		B13BB6FB290BEBAB00E63F8A /* Debug */ = {
			isa = XCBuildConfiguration;
			buildSettings = {
				ASSETCATALOG_COMPILER_APPICON_NAME = AppIcon;
				ASSETCATALOG_COMPILER_GLOBAL_ACCENT_COLOR_NAME = AccentColor;
				CODE_SIGN_STYLE = Automatic;
				CURRENT_PROJECT_VERSION = 1;
				DEVELOPMENT_TEAM = 69W6BBGGPT;
				GENERATE_INFOPLIST_FILE = YES;
				INFOPLIST_FILE = Kelebike_iOS/Info.plist;
				INFOPLIST_KEY_UIApplicationSupportsIndirectInputEvents = YES;
				INFOPLIST_KEY_UILaunchStoryboardName = LaunchScreen;
				INFOPLIST_KEY_UIMainStoryboardFile = Main;
				INFOPLIST_KEY_UISupportedInterfaceOrientations_iPad = "UIInterfaceOrientationPortrait UIInterfaceOrientationPortraitUpsideDown UIInterfaceOrientationLandscapeLeft UIInterfaceOrientationLandscapeRight";
				INFOPLIST_KEY_UISupportedInterfaceOrientations_iPhone = "UIInterfaceOrientationPortrait UIInterfaceOrientationLandscapeLeft UIInterfaceOrientationLandscapeRight";
				LD_RUNPATH_SEARCH_PATHS = (
					"$(inherited)",
					"@executable_path/Frameworks",
				);
				MARKETING_VERSION = 1.0;
				PRODUCT_BUNDLE_IDENTIFIER = "bisquit.Kelebike-iOS";
				PRODUCT_NAME = "$(TARGET_NAME)";
				SWIFT_EMIT_LOC_STRINGS = YES;
				SWIFT_VERSION = 5.0;
				TARGETED_DEVICE_FAMILY = "1,2";
			};
			name = Debug;
		};
		B13BB6FC290BEBAB00E63F8A /* Release */ = {
			isa = XCBuildConfiguration;
			buildSettings = {
				ASSETCATALOG_COMPILER_APPICON_NAME = AppIcon;
				ASSETCATALOG_COMPILER_GLOBAL_ACCENT_COLOR_NAME = AccentColor;
				CODE_SIGN_STYLE = Automatic;
				CURRENT_PROJECT_VERSION = 1;
				DEVELOPMENT_TEAM = 69W6BBGGPT;
				GENERATE_INFOPLIST_FILE = YES;
				INFOPLIST_FILE = Kelebike_iOS/Info.plist;
				INFOPLIST_KEY_UIApplicationSupportsIndirectInputEvents = YES;
				INFOPLIST_KEY_UILaunchStoryboardName = LaunchScreen;
				INFOPLIST_KEY_UIMainStoryboardFile = Main;
				INFOPLIST_KEY_UISupportedInterfaceOrientations_iPad = "UIInterfaceOrientationPortrait UIInterfaceOrientationPortraitUpsideDown UIInterfaceOrientationLandscapeLeft UIInterfaceOrientationLandscapeRight";
				INFOPLIST_KEY_UISupportedInterfaceOrientations_iPhone = "UIInterfaceOrientationPortrait UIInterfaceOrientationLandscapeLeft UIInterfaceOrientationLandscapeRight";
				LD_RUNPATH_SEARCH_PATHS = (
					"$(inherited)",
					"@executable_path/Frameworks",
				);
				MARKETING_VERSION = 1.0;
				PRODUCT_BUNDLE_IDENTIFIER = "bisquit.Kelebike-iOS";
				PRODUCT_NAME = "$(TARGET_NAME)";
				SWIFT_EMIT_LOC_STRINGS = YES;
				SWIFT_VERSION = 5.0;
				TARGETED_DEVICE_FAMILY = "1,2";
			};
			name = Release;
		};
/* End XCBuildConfiguration section */

/* Begin XCConfigurationList section */
		B13BB6E1290BEBAA00E63F8A /* Build configuration list for PBXProject "Kelebike" */ = {
			isa = XCConfigurationList;
			buildConfigurations = (
				B13BB6F8290BEBAB00E63F8A /* Debug */,
				B13BB6F9290BEBAB00E63F8A /* Release */,
			);
			defaultConfigurationIsVisible = 0;
			defaultConfigurationName = Release;
		};
		B13BB6FA290BEBAB00E63F8A /* Build configuration list for PBXNativeTarget "Kelebike_iOS" */ = {
			isa = XCConfigurationList;
			buildConfigurations = (
				B13BB6FB290BEBAB00E63F8A /* Debug */,
				B13BB6FC290BEBAB00E63F8A /* Release */,
			);
			defaultConfigurationIsVisible = 0;
			defaultConfigurationName = Release;
		};
/* End XCConfigurationList section */
	};
	rootObject = B13BB6DE290BEBAA00E63F8A /* Project object */;
}
